
Microsoft Visual Studio Solution File, Format Version 12.00
# Visual Studio Version 17
VisualStudioVersion = 17.14.36414.22
MinimumVisualStudioVersion = 10.0.40219.1
Project("{2150E333-8FDC-42A3-9474-1A3956D46DE8}") = "Task0", "Task0", "{02EA681E-C7D8-13C7-8484-4AC65E1B71E8}"
EndProject
Project("{FAE04EC0-301F-11D3-BF4B-00C04F79EFBC}") = "Tyuiu.KorolkovDS.Sprint3.Task0.V9", "Tyuiu.KorolkovDS.Sprint3.Task0.V9\Tyuiu.KorolkovDS.Sprint3.Task0.V9.csproj", "{B102144F-2EA7-4AF8-A8BF-CBE3866FF62C}"
EndProject
Project("{FAE04EC0-301F-11D3-BF4B-00C04F79EFBC}") = "Tyuiu.KorolkovDS.Sprint3.Task0.V9.Lib", "Tyuiu.KorolkovDS.Sprint3.Task0.V9.Lib\Tyuiu.KorolkovDS.Sprint3.Task0.V9.Lib.csproj", "{CFAC1652-C307-422A-A1DF-495A1380D995}"
EndProject
Project("{FAE04EC0-301F-11D3-BF4B-00C04F79EFBC}") = "Tyuiu.KorolkovDS.Sprint3.Task0.V9.Test", "Tyuiu.KorolkovDS.Sprint3.Task0.V9.Test\Tyuiu.KorolkovDS.Sprint3.Task0.V9.Test.csproj", "{0830DC9F-1C50-4DEC-8E10-5ABC89A4D141}"
EndProject
Project("{2150E333-8FDC-42A3-9474-1A3956D46DE8}") = "Task1", "Task1", "{D36E8206-9264-4ABF-AB6C-6801B44F7E3A}"
EndProject
Project("{FAE04EC0-301F-11D3-BF4B-00C04F79EFBC}") = "Tyuiu.KorolkovDS.Sprint3.Task1.V30", "Tyuiu.KorolkovDS.Sprint3.Task1.V30\Tyuiu.KorolkovDS.Sprint3.Task1.V30.csproj", "{B5C08593-70DD-49EE-A566-F4BF92259CD4}"
EndProject
Project("{FAE04EC0-301F-11D3-BF4B-00C04F79EFBC}") = "Tyuiu.KorolkovDS.Sprint3.Task1.V30.Lib", "Tyuiu.KorolkovDS.Sprint3.Task1.V30.Lib\Tyuiu.KorolkovDS.Sprint3.Task1.V30.Lib.csproj", "{ED077BFE-BFA3-4814-AE61-E490F80018E1}"
EndProject
Project("{FAE04EC0-301F-11D3-BF4B-00C04F79EFBC}") = "Tyuiu.KorolkovDS.Sprint3.Task1.V30.Test", "Tyuiu.KorolkovDS.Sprint3.Task1.V30.Test\Tyuiu.KorolkovDS.Sprint3.Task1.V30.Test.csproj", "{397BDD41-E811-4E42-A4F1-0D69623B5EAD}"
EndProject
Project("{2150E333-8FDC-42A3-9474-1A3956D46DE8}") = "Task2", "Task2", "{C09A5F46-F30E-478D-9E0D-45E328CCE360}"
EndProject
Project("{FAE04EC0-301F-11D3-BF4B-00C04F79EFBC}") = "Tyuiu.KorolkovDS.Sprint3.Task2.V3", "Tyuiu.KorolkovDS.Sprint3.Task2.V3\Tyuiu.KorolkovDS.Sprint3.Task2.V3.csproj", "{A311DCA8-96C0-4337-8F75-BBD6FA74AAA4}"
EndProject
Project("{FAE04EC0-301F-11D3-BF4B-00C04F79EFBC}") = "Tyuiu.KorolkovDS.Sprint3.Task2.V3.Lib", "Tyuiu.KorolkovDS.Sprint3.Task2.V3.Lib\Tyuiu.KorolkovDS.Sprint3.Task2.V3.Lib.csproj", "{5242A750-1E76-48C3-8CEB-8A4FE870C501}"
EndProject
Project("{FAE04EC0-301F-11D3-BF4B-00C04F79EFBC}") = "Tyuiu.KorolkovDS.Sprint3.Task2.V3.Test", "Tyuiu.KorolkovDS.Sprint3.Task2.V3.Test\Tyuiu.KorolkovDS.Sprint3.Task2.V3.Test.csproj", "{F79698A0-2404-4449-82CD-030B753FC1C2}"
EndProject
Project("{2150E333-8FDC-42A3-9474-1A3956D46DE8}") = "Task3", "Task3", "{AFEDA23C-8522-4959-AE0F-A9FE437F31DD}"
EndProject
Project("{FAE04EC0-301F-11D3-BF4B-00C04F79EFBC}") = "Tyuiu.KorolkovDS.Sprint3.Task3.V10", "Tyuiu.KorolkovDS.Sprint3.Task3.V10\Tyuiu.KorolkovDS.Sprint3.Task3.V10.csproj", "{E2276E80-162A-4D97-897B-19553F40DD5C}"
EndProject
Project("{FAE04EC0-301F-11D3-BF4B-00C04F79EFBC}") = "Tyuiu.KorolkovDS.Sprint3.Task3.V10.Lib", "Tyuiu.KorolkovDS.Sprint3.Task3.V10.Lib\Tyuiu.KorolkovDS.Sprint3.Task3.V10.Lib.csproj", "{8BF9C1B1-4434-494E-8EFE-CE96A6C6EA03}"
EndProject
Project("{FAE04EC0-301F-11D3-BF4B-00C04F79EFBC}") = "Tyuiu.KorolkovDS.Sprint3.Task3.V10.Test", "Tyuiu.KorolkovDS.Sprint3.Task3.V10.Test\Tyuiu.KorolkovDS.Sprint3.Task3.V10.Test.csproj", "{42177C6D-6E60-4523-9680-A92041BDC283}"
EndProject
Global
	GlobalSection(SolutionConfigurationPlatforms) = preSolution
		Debug|Any CPU = Debug|Any CPU
		Release|Any CPU = Release|Any CPU
	EndGlobalSection
	GlobalSection(ProjectConfigurationPlatforms) = postSolution
		{B102144F-2EA7-4AF8-A8BF-CBE3866FF62C}.Debug|Any CPU.ActiveCfg = Debug|Any CPU
		{B102144F-2EA7-4AF8-A8BF-CBE3866FF62C}.Debug|Any CPU.Build.0 = Debug|Any CPU
		{B102144F-2EA7-4AF8-A8BF-CBE3866FF62C}.Release|Any CPU.ActiveCfg = Release|Any CPU
		{B102144F-2EA7-4AF8-A8BF-CBE3866FF62C}.Release|Any CPU.Build.0 = Release|Any CPU
		{CFAC1652-C307-422A-A1DF-495A1380D995}.Debug|Any CPU.ActiveCfg = Debug|Any CPU
		{CFAC1652-C307-422A-A1DF-495A1380D995}.Debug|Any CPU.Build.0 = Debug|Any CPU
		{CFAC1652-C307-422A-A1DF-495A1380D995}.Release|Any CPU.ActiveCfg = Release|Any CPU
		{CFAC1652-C307-422A-A1DF-495A1380D995}.Release|Any CPU.Build.0 = Release|Any CPU
		{0830DC9F-1C50-4DEC-8E10-5ABC89A4D141}.Debug|Any CPU.ActiveCfg = Debug|Any CPU
		{0830DC9F-1C50-4DEC-8E10-5ABC89A4D141}.Debug|Any CPU.Build.0 = Debug|Any CPU
		{0830DC9F-1C50-4DEC-8E10-5ABC89A4D141}.Release|Any CPU.ActiveCfg = Release|Any CPU
		{0830DC9F-1C50-4DEC-8E10-5ABC89A4D141}.Release|Any CPU.Build.0 = Release|Any CPU
		{B5C08593-70DD-49EE-A566-F4BF92259CD4}.Debug|Any CPU.ActiveCfg = Debug|Any CPU
		{B5C08593-70DD-49EE-A566-F4BF92259CD4}.Debug|Any CPU.Build.0 = Debug|Any CPU
		{B5C08593-70DD-49EE-A566-F4BF92259CD4}.Release|Any CPU.ActiveCfg = Release|Any CPU
		{B5C08593-70DD-49EE-A566-F4BF92259CD4}.Release|Any CPU.Build.0 = Release|Any CPU
		{ED077BFE-BFA3-4814-AE61-E490F80018E1}.Debug|Any CPU.ActiveCfg = Debug|Any CPU
		{ED077BFE-BFA3-4814-AE61-E490F80018E1}.Debug|Any CPU.Build.0 = Debug|Any CPU
		{ED077BFE-BFA3-4814-AE61-E490F80018E1}.Release|Any CPU.ActiveCfg = Release|Any CPU
		{ED077BFE-BFA3-4814-AE61-E490F80018E1}.Release|Any CPU.Build.0 = Release|Any CPU
		{397BDD41-E811-4E42-A4F1-0D69623B5EAD}.Debug|Any CPU.ActiveCfg = Debug|Any CPU
		{397BDD41-E811-4E42-A4F1-0D69623B5EAD}.Debug|Any CPU.Build.0 = Debug|Any CPU
		{397BDD41-E811-4E42-A4F1-0D69623B5EAD}.Release|Any CPU.ActiveCfg = Release|Any CPU
		{397BDD41-E811-4E42-A4F1-0D69623B5EAD}.Release|Any CPU.Build.0 = Release|Any CPU
		{A311DCA8-96C0-4337-8F75-BBD6FA74AAA4}.Debug|Any CPU.ActiveCfg = Debug|Any CPU
		{A311DCA8-96C0-4337-8F75-BBD6FA74AAA4}.Debug|Any CPU.Build.0 = Debug|Any CPU
		{A311DCA8-96C0-4337-8F75-BBD6FA74AAA4}.Release|Any CPU.ActiveCfg = Release|Any CPU
		{A311DCA8-96C0-4337-8F75-BBD6FA74AAA4}.Release|Any CPU.Build.0 = Release|Any CPU
		{5242A750-1E76-48C3-8CEB-8A4FE870C501}.Debug|Any CPU.ActiveCfg = Debug|Any CPU
		{5242A750-1E76-48C3-8CEB-8A4FE870C501}.Debug|Any CPU.Build.0 = Debug|Any CPU
		{5242A750-1E76-48C3-8CEB-8A4FE870C501}.Release|Any CPU.ActiveCfg = Release|Any CPU
		{5242A750-1E76-48C3-8CEB-8A4FE870C501}.Release|Any CPU.Build.0 = Release|Any CPU
		{F79698A0-2404-4449-82CD-030B753FC1C2}.Debug|Any CPU.ActiveCfg = Debug|Any CPU
		{F79698A0-2404-4449-82CD-030B753FC1C2}.Debug|Any CPU.Build.0 = Debug|Any CPU
		{F79698A0-2404-4449-82CD-030B753FC1C2}.Release|Any CPU.ActiveCfg = Release|Any CPU
		{F79698A0-2404-4449-82CD-030B753FC1C2}.Release|Any CPU.Build.0 = Release|Any CPU
		{E2276E80-162A-4D97-897B-19553F40DD5C}.Debug|Any CPU.ActiveCfg = Debug|Any CPU
		{E2276E80-162A-4D97-897B-19553F40DD5C}.Debug|Any CPU.Build.0 = Debug|Any CPU
		{E2276E80-162A-4D97-897B-19553F40DD5C}.Release|Any CPU.ActiveCfg = Release|Any CPU
		{E2276E80-162A-4D97-897B-19553F40DD5C}.Release|Any CPU.Build.0 = Release|Any CPU
		{8BF9C1B1-4434-494E-8EFE-CE96A6C6EA03}.Debug|Any CPU.ActiveCfg = Debug|Any CPU
		{8BF9C1B1-4434-494E-8EFE-CE96A6C6EA03}.Debug|Any CPU.Build.0 = Debug|Any CPU
		{8BF9C1B1-4434-494E-8EFE-CE96A6C6EA03}.Release|Any CPU.ActiveCfg = Release|Any CPU
		{8BF9C1B1-4434-494E-8EFE-CE96A6C6EA03}.Release|Any CPU.Build.0 = Release|Any CPU
		{42177C6D-6E60-4523-9680-A92041BDC283}.Debug|Any CPU.ActiveCfg = Debug|Any CPU
		{42177C6D-6E60-4523-9680-A92041BDC283}.Debug|Any CPU.Build.0 = Debug|Any CPU
		{42177C6D-6E60-4523-9680-A92041BDC283}.Release|Any CPU.ActiveCfg = Release|Any CPU
		{42177C6D-6E60-4523-9680-A92041BDC283}.Release|Any CPU.Build.0 = Release|Any CPU
	EndGlobalSection
	GlobalSection(SolutionProperties) = preSolution
		HideSolutionNode = FALSE
	EndGlobalSection
	GlobalSection(NestedProjects) = preSolution
		{B102144F-2EA7-4AF8-A8BF-CBE3866FF62C} = {02EA681E-C7D8-13C7-8484-4AC65E1B71E8}
		{CFAC1652-C307-422A-A1DF-495A1380D995} = {02EA681E-C7D8-13C7-8484-4AC65E1B71E8}
		{0830DC9F-1C50-4DEC-8E10-5ABC89A4D141} = {02EA681E-C7D8-13C7-8484-4AC65E1B71E8}
		{B5C08593-70DD-49EE-A566-F4BF92259CD4} = {D36E8206-9264-4ABF-AB6C-6801B44F7E3A}
		{ED077BFE-BFA3-4814-AE61-E490F80018E1} = {D36E8206-9264-4ABF-AB6C-6801B44F7E3A}
		{397BDD41-E811-4E42-A4F1-0D69623B5EAD} = {D36E8206-9264-4ABF-AB6C-6801B44F7E3A}
		{A311DCA8-96C0-4337-8F75-BBD6FA74AAA4} = {C09A5F46-F30E-478D-9E0D-45E328CCE360}
		{5242A750-1E76-48C3-8CEB-8A4FE870C501} = {C09A5F46-F30E-478D-9E0D-45E328CCE360}
		{F79698A0-2404-4449-82CD-030B753FC1C2} = {C09A5F46-F30E-478D-9E0D-45E328CCE360}
		{E2276E80-162A-4D97-897B-19553F40DD5C} = {AFEDA23C-8522-4959-AE0F-A9FE437F31DD}
		{8BF9C1B1-4434-494E-8EFE-CE96A6C6EA03} = {AFEDA23C-8522-4959-AE0F-A9FE437F31DD}
		{42177C6D-6E60-4523-9680-A92041BDC283} = {AFEDA23C-8522-4959-AE0F-A9FE437F31DD}
	EndGlobalSection
	GlobalSection(ExtensibilityGlobals) = postSolution
		SolutionGuid = {287A50B3-F2C6-4C27-9809-FBACFF4CA844}
	EndGlobalSection
EndGlobal
